
Microsoft Visual Studio Solution File, Format Version 11.00
# Visual Studio 2010
Project("{FAE04EC0-301F-11D3-BF4B-00C04F79EFBC}") = "WebSite", "WebSite\WebSite.csproj", "{3EEF0753-E5E2-42CB-8674-CA06BC5D9BBD}"
EndProject
Global
	GlobalSection(SolutionConfigurationPlatforms) = preSolution
		Debug|Any CPU = Debug|Any CPU
		Release|Any CPU = Release|Any CPU
	EndGlobalSection
	GlobalSection(ProjectConfigurationPlatforms) = postSolution
		{3EEF0753-E5E2-42CB-8674-CA06BC5D9BBD}.Debug|Any CPU.ActiveCfg = Debug|Any CPU
		{3EEF0753-E5E2-42CB-8674-CA06BC5D9BBD}.Debug|Any CPU.Build.0 = Debug|Any CPU
		{3EEF0753-E5E2-42CB-8674-CA06BC5D9BBD}.Release|Any CPU.ActiveCfg = Release|Any CPU
		{3EEF0753-E5E2-42CB-8674-CA06BC5D9BBD}.Release|Any CPU.Build.0 = Release|Any CPU
	EndGlobalSection
	GlobalSection(SolutionProperties) = preSolution
		HideSolutionNode = FALSE
	EndGlobalSection
EndGlobal
