
Microsoft Visual Studio Solution File, Format Version 11.00
# Visual Studio 2010
Project("{FAE04EC0-301F-11D3-BF4B-00C04F79EFBC}") = "WebSite", "WebSite\WebSite.csproj", "{3EEF0753-E5E2-42CB-8674-CA06BC5D9BBD}"
EndProject
Project("{FAE04EC0-301F-11D3-BF4B-00C04F79EFBC}") = "UnitTest", "UnitTest\UnitTest.csproj", "{DC077264-36AB-47AE-9FD0-DE68BFB336A0}"
EndProject
Project("{2150E333-8FDC-42A3-9474-1A3956D46DE8}") = "Solution Items", "Solution Items", "{EE3586E2-7DAD-4556-94FE-B1C96B23412C}"
	ProjectSection(SolutionItems) = preProject
		Jaw_Book_Implementációs_Terv.docx = Jaw_Book_Implementációs_Terv.docx
		Jaw_Book_Implementációs_Terv2.docx = Jaw_Book_Implementációs_Terv2.docx
		JawBook.eap = JawBook.eap
		JawBook.vsmdi = JawBook.vsmdi
		Local.testsettings = Local.testsettings
		TraceAndTestImpact.testsettings = TraceAndTestImpact.testsettings
	EndProjectSection
EndProject
Project("{FAE04EC0-301F-11D3-BF4B-00C04F79EFBC}") = "JawBook", "JawBook\JawBook.csproj", "{7F200157-A9A8-44E2-AEDF-FD2FB28DF9A9}"
EndProject
Project("{2150E333-8FDC-42A3-9474-1A3956D46DE8}") = "pics", "pics", "{D10F2229-A57B-48F5-AEE7-0409C563C055}"
	ProjectSection(SolutionItems) = preProject
		Pics\0.png = Pics\0.png
		Pics\10.png = Pics\10.png
		Pics\11.png = Pics\11.png
		Pics\12.png = Pics\12.png
		Pics\13.png = Pics\13.png
		Pics\14.png = Pics\14.png
		Pics\15.png = Pics\15.png
		Pics\16.png = Pics\16.png
		Pics\17.png = Pics\17.png
		Pics\18.png = Pics\18.png
		Pics\19.png = Pics\19.png
		Pics\20.png = Pics\20.png
		Pics\21.png = Pics\21.png
		Pics\22.png = Pics\22.png
		Pics\23.png = Pics\23.png
		Pics\24.png = Pics\24.png
		Pics\25.png = Pics\25.png
		Pics\26.png = Pics\26.png
		Pics\27.png = Pics\27.png
		Pics\28.png = Pics\28.png
		Pics\29.png = Pics\29.png
		Pics\3.png = Pics\3.png
		Pics\30.png = Pics\30.png
		Pics\31.png = Pics\31.png
		Pics\32.png = Pics\32.png
		Pics\33.png = Pics\33.png
		Pics\34.png = Pics\34.png
		Pics\35.png = Pics\35.png
		Pics\4.png = Pics\4.png
		Pics\5.png = Pics\5.png
		Pics\6.png = Pics\6.png
		Pics\7.png = Pics\7.png
		Pics\8.png = Pics\8.png
		Pics\9.png = Pics\9.png
	EndProjectSection
EndProject
Global
	GlobalSection(SubversionScc) = preSolution
		Svn-Managed = True
		Manager = AnkhSVN - Subversion Support for Visual Studio
	EndGlobalSection
	GlobalSection(TestCaseManagementSettings) = postSolution
		CategoryFile = JawBook.vsmdi
	EndGlobalSection
	GlobalSection(SolutionConfigurationPlatforms) = preSolution
		Debug|Any CPU = Debug|Any CPU
		Release|Any CPU = Release|Any CPU
	EndGlobalSection
	GlobalSection(ProjectConfigurationPlatforms) = postSolution
		{3EEF0753-E5E2-42CB-8674-CA06BC5D9BBD}.Debug|Any CPU.ActiveCfg = Debug|Any CPU
		{3EEF0753-E5E2-42CB-8674-CA06BC5D9BBD}.Debug|Any CPU.Build.0 = Debug|Any CPU
		{3EEF0753-E5E2-42CB-8674-CA06BC5D9BBD}.Release|Any CPU.ActiveCfg = Release|Any CPU
		{3EEF0753-E5E2-42CB-8674-CA06BC5D9BBD}.Release|Any CPU.Build.0 = Release|Any CPU
		{DC077264-36AB-47AE-9FD0-DE68BFB336A0}.Debug|Any CPU.ActiveCfg = Debug|Any CPU
		{DC077264-36AB-47AE-9FD0-DE68BFB336A0}.Debug|Any CPU.Build.0 = Debug|Any CPU
		{DC077264-36AB-47AE-9FD0-DE68BFB336A0}.Release|Any CPU.ActiveCfg = Release|Any CPU
		{DC077264-36AB-47AE-9FD0-DE68BFB336A0}.Release|Any CPU.Build.0 = Release|Any CPU
		{7F200157-A9A8-44E2-AEDF-FD2FB28DF9A9}.Debug|Any CPU.ActiveCfg = Debug|Any CPU
		{7F200157-A9A8-44E2-AEDF-FD2FB28DF9A9}.Debug|Any CPU.Build.0 = Debug|Any CPU
		{7F200157-A9A8-44E2-AEDF-FD2FB28DF9A9}.Release|Any CPU.ActiveCfg = Release|Any CPU
		{7F200157-A9A8-44E2-AEDF-FD2FB28DF9A9}.Release|Any CPU.Build.0 = Release|Any CPU
	EndGlobalSection
	GlobalSection(SolutionProperties) = preSolution
		HideSolutionNode = FALSE
	EndGlobalSection
EndGlobal
